
Microsoft Visual Studio Solution File, Format Version 12.00
# Visual Studio Version 16
VisualStudioVersion = 16.0.37301.9
MinimumVisualStudioVersion = 10.0.40219.1
Project("{A07B5EB6-E848-4116-A8D0-A826331D98C6}") = "TravelPlannerSF", "TravelPlannerSF\TravelPlannerSF.sfproj", "{0EFA2064-E069-4B24-8A95-651748BBFAA2}"
EndProject
Project("{FAE04EC0-301F-11D3-BF4B-00C04F79EFBC}") = "ApiGateway", "ApiGateway\ApiGateway.csproj", "{3BC70A53-FEB0-445B-8362-D45F85B1F7E3}"
EndProject
Project("{FAE04EC0-301F-11D3-BF4B-00C04F79EFBC}") = "UserService", "UserService\UserService.csproj", "{80619729-9A91-46C8-8348-0417E83C3452}"
EndProject
Project("{FAE04EC0-301F-11D3-BF4B-00C04F79EFBC}") = "TravelService", "TravelService\TravelService.csproj", "{912C0F2F-5D06-4A6F-97CD-AF8DEF37FEDB}"
EndProject
Project("{FAE04EC0-301F-11D3-BF4B-00C04F79EFBC}") = "SharingService", "SharingService\SharingService.csproj", "{46CD8133-4510-4DD3-B585-C79DB08DCC53}"
EndProject
Global
	GlobalSection(SolutionConfigurationPlatforms) = preSolution
		Debug|Any CPU = Debug|Any CPU
		Debug|x64 = Debug|x64
		Release|Any CPU = Release|Any CPU
		Release|x64 = Release|x64
	EndGlobalSection
	GlobalSection(ProjectConfigurationPlatforms) = postSolution
		{0EFA2064-E069-4B24-8A95-651748BBFAA2}.Debug|Any CPU.ActiveCfg = Debug|x64
		{0EFA2064-E069-4B24-8A95-651748BBFAA2}.Debug|x64.ActiveCfg = Debug|x64
		{0EFA2064-E069-4B24-8A95-651748BBFAA2}.Debug|x64.Build.0 = Debug|x64
		{0EFA2064-E069-4B24-8A95-651748BBFAA2}.Debug|x64.Deploy.0 = Debug|x64
		{0EFA2064-E069-4B24-8A95-651748BBFAA2}.Release|Any CPU.ActiveCfg = Release|x64
		{0EFA2064-E069-4B24-8A95-651748BBFAA2}.Release|x64.ActiveCfg = Release|x64
		{0EFA2064-E069-4B24-8A95-651748BBFAA2}.Release|x64.Build.0 = Release|x64
		{0EFA2064-E069-4B24-8A95-651748BBFAA2}.Release|x64.Deploy.0 = Release|x64
		{3BC70A53-FEB0-445B-8362-D45F85B1F7E3}.Debug|Any CPU.ActiveCfg = Debug|Any CPU
		{3BC70A53-FEB0-445B-8362-D45F85B1F7E3}.Debug|Any CPU.Build.0 = Debug|Any CPU
		{3BC70A53-FEB0-445B-8362-D45F85B1F7E3}.Debug|x64.ActiveCfg = Debug|Any CPU
		{3BC70A53-FEB0-445B-8362-D45F85B1F7E3}.Debug|x64.Build.0 = Debug|Any CPU
		{3BC70A53-FEB0-445B-8362-D45F85B1F7E3}.Release|Any CPU.ActiveCfg = Release|Any CPU
		{3BC70A53-FEB0-445B-8362-D45F85B1F7E3}.Release|Any CPU.Build.0 = Release|Any CPU
		{3BC70A53-FEB0-445B-8362-D45F85B1F7E3}.Release|x64.ActiveCfg = Release|Any CPU
		{3BC70A53-FEB0-445B-8362-D45F85B1F7E3}.Release|x64.Build.0 = Release|Any CPU
		{80619729-9A91-46C8-8348-0417E83C3452}.Debug|Any CPU.ActiveCfg = Debug|Any CPU
		{80619729-9A91-46C8-8348-0417E83C3452}.Debug|Any CPU.Build.0 = Debug|Any CPU
		{80619729-9A91-46C8-8348-0417E83C3452}.Debug|x64.ActiveCfg = Debug|Any CPU
		{80619729-9A91-46C8-8348-0417E83C3452}.Debug|x64.Build.0 = Debug|Any CPU
		{80619729-9A91-46C8-8348-0417E83C3452}.Release|Any CPU.ActiveCfg = Release|Any CPU
		{80619729-9A91-46C8-8348-0417E83C3452}.Release|Any CPU.Build.0 = Release|Any CPU
		{80619729-9A91-46C8-8348-0417E83C3452}.Release|x64.ActiveCfg = Release|Any CPU
		{80619729-9A91-46C8-8348-0417E83C3452}.Release|x64.Build.0 = Release|Any CPU
		{912C0F2F-5D06-4A6F-97CD-AF8DEF37FEDB}.Debug|Any CPU.ActiveCfg = Debug|Any CPU
		{912C0F2F-5D06-4A6F-97CD-AF8DEF37FEDB}.Debug|Any CPU.Build.0 = Debug|Any CPU
		{912C0F2F-5D06-4A6F-97CD-AF8DEF37FEDB}.Debug|x64.ActiveCfg = Debug|Any CPU
		{912C0F2F-5D06-4A6F-97CD-AF8DEF37FEDB}.Debug|x64.Build.0 = Debug|Any CPU
		{912C0F2F-5D06-4A6F-97CD-AF8DEF37FEDB}.Release|Any CPU.ActiveCfg = Release|Any CPU
		{912C0F2F-5D06-4A6F-97CD-AF8DEF37FEDB}.Release|Any CPU.Build.0 = Release|Any CPU
		{912C0F2F-5D06-4A6F-97CD-AF8DEF37FEDB}.Release|x64.ActiveCfg = Release|Any CPU
		{912C0F2F-5D06-4A6F-97CD-AF8DEF37FEDB}.Release|x64.Build.0 = Release|Any CPU
		{46CD8133-4510-4DD3-B585-C79DB08DCC53}.Debug|Any CPU.ActiveCfg = Debug|Any CPU
		{46CD8133-4510-4DD3-B585-C79DB08DCC53}.Debug|Any CPU.Build.0 = Debug|Any CPU
		{46CD8133-4510-4DD3-B585-C79DB08DCC53}.Debug|x64.ActiveCfg = Debug|Any CPU
		{46CD8133-4510-4DD3-B585-C79DB08DCC53}.Debug|x64.Build.0 = Debug|Any CPU
		{46CD8133-4510-4DD3-B585-C79DB08DCC53}.Release|Any CPU.ActiveCfg = Release|Any CPU
		{46CD8133-4510-4DD3-B585-C79DB08DCC53}.Release|Any CPU.Build.0 = Release|Any CPU
		{46CD8133-4510-4DD3-B585-C79DB08DCC53}.Release|x64.ActiveCfg = Release|Any CPU
		{46CD8133-4510-4DD3-B585-C79DB08DCC53}.Release|x64.Build.0 = Release|Any CPU
	EndGlobalSection
	GlobalSection(SolutionProperties) = preSolution
		HideSolutionNode = FALSE
	EndGlobalSection
	GlobalSection(ExtensibilityGlobals) = postSolution
		SolutionGuid = {4D647AF9-2631-4335-B3DC-76196113B861}
	EndGlobalSection
EndGlobal
